
Microsoft Visual Studio Solution File, Format Version 12.00
# Visual Studio Version 17
VisualStudioVersion = 17.3.32922.545
MinimumVisualStudioVersion = 10.0.40219.1
Project("{FAE04EC0-301F-11D3-BF4B-00C04F79EFBC}") = "EvaluationManager", "EvaluationManager\EvaluationManager.csproj", "{9E333E55-84BA-4FB4-9FF4-23BAF451A30D}"
EndProject
Global
	GlobalSection(SolutionConfigurationPlatforms) = preSolution
		Debug|Any CPU = Debug|Any CPU
		Release|Any CPU = Release|Any CPU
	EndGlobalSection
	GlobalSection(ProjectConfigurationPlatforms) = postSolution
		{9E333E55-84BA-4FB4-9FF4-23BAF451A30D}.Debug|Any CPU.ActiveCfg = Debug|Any CPU
		{9E333E55-84BA-4FB4-9FF4-23BAF451A30D}.Debug|Any CPU.Build.0 = Debug|Any CPU
		{9E333E55-84BA-4FB4-9FF4-23BAF451A30D}.Release|Any CPU.ActiveCfg = Release|Any CPU
		{9E333E55-84BA-4FB4-9FF4-23BAF451A30D}.Release|Any CPU.Build.0 = Release|Any CPU
	EndGlobalSection
	GlobalSection(SolutionProperties) = preSolution
		HideSolutionNode = FALSE
	EndGlobalSection
	GlobalSection(ExtensibilityGlobals) = postSolution
		SolutionGuid = {0656CDAA-922F-47F7-9CDF-14DAD5254CF5}
	EndGlobalSection
EndGlobal
